
Microsoft Visual Studio Solution File, Format Version 12.00
# Visual Studio Version 17
VisualStudioVersion = 17.0.31903.59
MinimumVisualStudioVersion = 10.0.40219.1
Project("{FAE04EC0-301F-11D3-BF4B-00C04F79EFBC}") = "AzureQueueStorageDemo.ConsoleApp", "AzureQueueStorageDemo.ConsoleApp\AzureQueueStorageDemo.ConsoleApp.csproj", "{C6FB8502-9D5E-46C1-8F0D-BDAF6A77606A}"
EndProject
Global
	GlobalSection(SolutionConfigurationPlatforms) = preSolution
		Debug|Any CPU = Debug|Any CPU
		Release|Any CPU = Release|Any CPU
	EndGlobalSection
	GlobalSection(SolutionProperties) = preSolution
		HideSolutionNode = FALSE
	EndGlobalSection
	GlobalSection(ProjectConfigurationPlatforms) = postSolution
		{C6FB8502-9D5E-46C1-8F0D-BDAF6A77606A}.Debug|Any CPU.ActiveCfg = Debug|Any CPU
		{C6FB8502-9D5E-46C1-8F0D-BDAF6A77606A}.Debug|Any CPU.Build.0 = Debug|Any CPU
		{C6FB8502-9D5E-46C1-8F0D-BDAF6A77606A}.Release|Any CPU.ActiveCfg = Release|Any CPU
		{C6FB8502-9D5E-46C1-8F0D-BDAF6A77606A}.Release|Any CPU.Build.0 = Release|Any CPU
	EndGlobalSection
EndGlobal
