
Microsoft Visual Studio Solution File, Format Version 12.00
# Visual Studio Version 17
VisualStudioVersion = 17.0.31903.59
MinimumVisualStudioVersion = 10.0.40219.1
Project("{2150E333-8FDC-42A3-9474-1A3956D46DE8}") = "src", "src", "{1EAECDE3-7270-4CDF-987A-62261057460B}"
EndProject
Project("{9A19103F-16F7-4668-BE54-9A1E7A4F7556}") = "AzureSignalRService.BlazorServerChat", "src\AzureSignalRService.BlazorServerChat\AzureSignalRService.BlazorServerChat.csproj", "{B0F1734B-8312-439F-8F08-B2F18ACD9C34}"
EndProject
Global
	GlobalSection(SolutionConfigurationPlatforms) = preSolution
		Debug|Any CPU = Debug|Any CPU
		Release|Any CPU = Release|Any CPU
	EndGlobalSection
	GlobalSection(ProjectConfigurationPlatforms) = postSolution
		{B0F1734B-8312-439F-8F08-B2F18ACD9C34}.Debug|Any CPU.ActiveCfg = Debug|Any CPU
		{B0F1734B-8312-439F-8F08-B2F18ACD9C34}.Debug|Any CPU.Build.0 = Debug|Any CPU
		{B0F1734B-8312-439F-8F08-B2F18ACD9C34}.Release|Any CPU.ActiveCfg = Release|Any CPU
		{B0F1734B-8312-439F-8F08-B2F18ACD9C34}.Release|Any CPU.Build.0 = Release|Any CPU
	EndGlobalSection
	GlobalSection(SolutionProperties) = preSolution
		HideSolutionNode = FALSE
	EndGlobalSection
	GlobalSection(NestedProjects) = preSolution
		{B0F1734B-8312-439F-8F08-B2F18ACD9C34} = {1EAECDE3-7270-4CDF-987A-62261057460B}
	EndGlobalSection
	GlobalSection(ExtensibilityGlobals) = postSolution
		SolutionGuid = {F5438503-E962-485F-983C-747F44B5E828}
	EndGlobalSection
EndGlobal
