
Microsoft Visual Studio Solution File, Format Version 12.00
# Visual Studio Version 17
VisualStudioVersion = 17.0.31903.59
MinimumVisualStudioVersion = 10.0.40219.1
Project("{2150E333-8FDC-42A3-9474-1A3956D46DE8}") = "src", "src", "{34BF8A8D-FD06-4595-BCF5-3D0E46BA2014}"
EndProject
Project("{FAE04EC0-301F-11D3-BF4B-00C04F79EFBC}") = "AzureSignalRService.AspNetCore.Chat.Web", "src\AzureSignalRService.AspNetCore.Chat.Web\AzureSignalRService.AspNetCore.Chat.Web.csproj", "{72E0642F-2F7A-4DD9-AEA4-C18E6F704D4E}"
EndProject
Global
	GlobalSection(SolutionConfigurationPlatforms) = preSolution
		Debug|Any CPU = Debug|Any CPU
		Release|Any CPU = Release|Any CPU
	EndGlobalSection
	GlobalSection(SolutionProperties) = preSolution
		HideSolutionNode = FALSE
	EndGlobalSection
	GlobalSection(ProjectConfigurationPlatforms) = postSolution
		{72E0642F-2F7A-4DD9-AEA4-C18E6F704D4E}.Debug|Any CPU.ActiveCfg = Debug|Any CPU
		{72E0642F-2F7A-4DD9-AEA4-C18E6F704D4E}.Debug|Any CPU.Build.0 = Debug|Any CPU
		{72E0642F-2F7A-4DD9-AEA4-C18E6F704D4E}.Release|Any CPU.ActiveCfg = Release|Any CPU
		{72E0642F-2F7A-4DD9-AEA4-C18E6F704D4E}.Release|Any CPU.Build.0 = Release|Any CPU
	EndGlobalSection
	GlobalSection(NestedProjects) = preSolution
		{72E0642F-2F7A-4DD9-AEA4-C18E6F704D4E} = {34BF8A8D-FD06-4595-BCF5-3D0E46BA2014}
	EndGlobalSection
EndGlobal
